
Microsoft Visual Studio Solution File, Format Version 12.00
# Visual Studio 15
VisualStudioVersion = 15.0.27428.2037
MinimumVisualStudioVersion = 10.0.40219.1
Project("{FAE04EC0-301F-11D3-BF4B-00C04F79EFBC}") = "SampleSolutionTemplate", "SampleSolutionTemplate.csproj", "{C0EE58AB-AA5B-45AE-A712-E71E39C6959F}"
EndProject
Project("{2150E333-8FDC-42A3-9474-1A3956D46DE8}") = "Project Templates", "Project Templates", "{1A56B679-53E3-4D6F-B0C7-19DC63264909}"
EndProject
Project("{FAE04EC0-301F-11D3-BF4B-00C04F79EFBC}") = "TemplateProject1", "TemplateProject1\TemplateProject1.csproj", "{183AA8D4-5649-4A0B-8472-415EE6575E9C}"
EndProject
Project("{FAE04EC0-301F-11D3-BF4B-00C04F79EFBC}") = "TemplateProject2", "TemplateProject2\TemplateProject2.csproj", "{9DF9FD7A-B872-4FE4-9D41-2BD61D85D781}"
EndProject
Global
	GlobalSection(SolutionConfigurationPlatforms) = preSolution
		Debug|Any CPU = Debug|Any CPU
		Release|Any CPU = Release|Any CPU
	EndGlobalSection
	GlobalSection(ProjectConfigurationPlatforms) = postSolution
		{C0EE58AB-AA5B-45AE-A712-E71E39C6959F}.Debug|Any CPU.ActiveCfg = Debug|Any CPU
		{C0EE58AB-AA5B-45AE-A712-E71E39C6959F}.Debug|Any CPU.Build.0 = Debug|Any CPU
		{C0EE58AB-AA5B-45AE-A712-E71E39C6959F}.Release|Any CPU.ActiveCfg = Release|Any CPU
		{C0EE58AB-AA5B-45AE-A712-E71E39C6959F}.Release|Any CPU.Build.0 = Release|Any CPU
		{183AA8D4-5649-4A0B-8472-415EE6575E9C}.Debug|Any CPU.ActiveCfg = Debug|Any CPU
		{183AA8D4-5649-4A0B-8472-415EE6575E9C}.Debug|Any CPU.Build.0 = Debug|Any CPU
		{183AA8D4-5649-4A0B-8472-415EE6575E9C}.Release|Any CPU.ActiveCfg = Release|Any CPU
		{183AA8D4-5649-4A0B-8472-415EE6575E9C}.Release|Any CPU.Build.0 = Release|Any CPU
		{9DF9FD7A-B872-4FE4-9D41-2BD61D85D781}.Debug|Any CPU.ActiveCfg = Debug|Any CPU
		{9DF9FD7A-B872-4FE4-9D41-2BD61D85D781}.Debug|Any CPU.Build.0 = Debug|Any CPU
		{9DF9FD7A-B872-4FE4-9D41-2BD61D85D781}.Release|Any CPU.ActiveCfg = Release|Any CPU
		{9DF9FD7A-B872-4FE4-9D41-2BD61D85D781}.Release|Any CPU.Build.0 = Release|Any CPU
	EndGlobalSection
	GlobalSection(SolutionProperties) = preSolution
		HideSolutionNode = FALSE
	EndGlobalSection
	GlobalSection(NestedProjects) = preSolution
		{183AA8D4-5649-4A0B-8472-415EE6575E9C} = {1A56B679-53E3-4D6F-B0C7-19DC63264909}
		{9DF9FD7A-B872-4FE4-9D41-2BD61D85D781} = {1A56B679-53E3-4D6F-B0C7-19DC63264909}
	EndGlobalSection
	GlobalSection(ExtensibilityGlobals) = postSolution
		SolutionGuid = {EE3AFD03-76B5-4524-8E11-8DB4BBD0333F}
	EndGlobalSection
EndGlobal
